
Microsoft Visual Studio Solution File, Format Version 12.00
# Visual Studio Version 16
VisualStudioVersion = 16.0.32510.428
MinimumVisualStudioVersion = 10.0.40219.1
Project("{FAE04EC0-301F-11D3-BF4B-00C04F79EFBC}") = "HolidayManager", "HolidayManager.csproj", "{1106D19F-544D-4BC6-B85C-ABD531379358}"
EndProject
Global
	GlobalSection(SolutionConfigurationPlatforms) = preSolution
		Debug|Any CPU = Debug|Any CPU
		Release|Any CPU = Release|Any CPU
	EndGlobalSection
	GlobalSection(ProjectConfigurationPlatforms) = postSolution
		{1106D19F-544D-4BC6-B85C-ABD531379358}.Debug|Any CPU.ActiveCfg = Debug|Any CPU
		{1106D19F-544D-4BC6-B85C-ABD531379358}.Debug|Any CPU.Build.0 = Debug|Any CPU
		{1106D19F-544D-4BC6-B85C-ABD531379358}.Release|Any CPU.ActiveCfg = Release|Any CPU
		{1106D19F-544D-4BC6-B85C-ABD531379358}.Release|Any CPU.Build.0 = Release|Any CPU
	EndGlobalSection
	GlobalSection(SolutionProperties) = preSolution
		HideSolutionNode = FALSE
	EndGlobalSection
	GlobalSection(ExtensibilityGlobals) = postSolution
		SolutionGuid = {1847BB7C-C1AA-44B7-BF17-B182BC89BB2A}
	EndGlobalSection
EndGlobal
